%{
  "algae": {:hex, :algae, "1.2.4", "53ca4954d9fe8254650c742bdbda48c2ed7a23344b8b6e784556d23ec7c09c69", [:mix], [{:quark, "~> 2.3", [hex: :quark, repo: "hexpm", optional: false]}, {:type_class, "~> 1.2", [hex: :type_class, repo: "hexpm", optional: false]}, {:witchcraft, "~> 1.0", [hex: :witchcraft, repo: "hexpm", optional: false]}], "hexpm", "6c3c73318b7e75919f112c759ada00ca4e2396280d26b507d6d949615bd463fc"},
  "amnesia": {:hex, :amnesia, "0.2.8", "81199a1c4c8db886cfb8ea159f746d5ffdb188bee96cb944f63bdb4465b09fa0", [:mix], [{:exquisite, "~> 0.1.7", [hex: :exquisite, repo: "hexpm", optional: false]}], "hexpm", "6037898c974457809ffa1f9a74cccab8f48c99b206aee9b3fc7bb3af73b06b14"},
  "cowboy": {:hex, :cowboy, "2.7.0", "91ed100138a764355f43316b1d23d7ff6bdb0de4ea618cb5d8677c93a7a2f115", [:rebar3], [{:cowlib, "~> 2.8.0", [hex: :cowlib, repo: "hexpm", optional: false]}, {:ranch, "~> 1.7.1", [hex: :ranch, repo: "hexpm", optional: false]}], "hexpm", "04fd8c6a39edc6aaa9c26123009200fc61f92a3a94f3178c527b70b767c6e605"},
  "cowlib": {:hex, :cowlib, "2.8.0", "fd0ff1787db84ac415b8211573e9a30a3ebe71b5cbff7f720089972b2319c8a4", [:rebar3], [], "hexpm", "79f954a7021b302186a950a32869dbc185523d99d3e44ce430cd1f3289f41ed4"},
  "ex_json_schema": {:hex, :ex_json_schema, "0.7.4", "09eb5b0c8184e5702bc89625a9d0c05c7a0a845d382e9f6f406a0fc1c9a8cc3f", [:mix], [], "hexpm", "45c67fa840f0d719a2b5578126dc29bcdc1f92499c0f61bcb8a3bcb5935f9684"},
  "exceptional": {:hex, :exceptional, "2.1.3", "cb17cb9b7c4882e763b82db08ba317678157ca95970fae96b31b3c90f5960c3d", [:mix], [], "hexpm", "59d67ae2df6784e7a957087742ae9011f220c3d1523706c5cd7ee0741bca5897"},
  "exquisite": {:hex, :exquisite, "0.1.10", "e3ca4f8b812696a40a6da3bcd4e9861cef879ee2eb239d5485b0f96885fc9fba", [:mix], [], "hexpm", "0af9319851f1e21dd4adab812c82247f05e11cc19820fa17cc74afd696e2313c"},
  "jason": {:hex, :jason, "1.2.1", "12b22825e22f468c02eb3e4b9985f3d0cb8dc40b9bd704730efa11abd2708c44", [:mix], [{:decimal, "~> 1.0", [hex: :decimal, repo: "hexpm", optional: true]}], "hexpm", "b659b8571deedf60f79c5a608e15414085fa141344e2716fbd6988a084b5f993"},
  "jsonrpc2": {:hex, :jsonrpc2, "1.2.0", "94cd308b9079802c965530477838c1390aa9f73d853f081c11df449731c7c14c", [:mix], [{:cowboy, "~> 2.4 or ~> 1.1", [hex: :cowboy, repo: "hexpm", optional: true]}, {:hackney, "~> 1.6", [hex: :hackney, repo: "hexpm", optional: true]}, {:jason, "~> 1.0", [hex: :jason, repo: "hexpm", optional: true]}, {:jiffy, " ~> 1.0 or ~> 0.14", [hex: :jiffy, repo: "hexpm", optional: true]}, {:plug, "~> 1.3", [hex: :plug, repo: "hexpm", optional: true]}, {:plug_cowboy, "~> 2.0", [hex: :plug_cowboy, repo: "hexpm", optional: true]}, {:poison, "~> 4.0 or ~> 3.0 or ~> 2.0", [hex: :poison, repo: "hexpm", optional: true]}, {:ranch, "~> 1.2", [hex: :ranch, repo: "hexpm", optional: true]}, {:shackle, "~> 0.3", [hex: :shackle, repo: "hexpm", optional: true]}], "hexpm", "6f8542608c00d9dfc8c8f34d1a23e27c7853a8bb564a01e58e34d9f29b7f14a6"},
  "mime": {:hex, :mime, "1.3.1", "30ce04ab3175b6ad0bdce0035cba77bba68b813d523d1aac73d9781b4d193cf8", [:mix], [], "hexpm", "6cbe761d6a0ca5a31a0931bf4c63204bceb64538e664a8ecf784a9a6f3b875f1"},
  "ok": {:hex, :ok, "2.3.0", "0a3d513ec9038504dc5359d44e14fc14ef59179e625563a1a144199cdc3a6d30", [:mix], [], "hexpm", "f0347b3f8f115bf347c704184b33cf084f2943771273f2b98a3707a5fa43c4d5"},
  "operator": {:hex, :operator, "0.2.0", "b613bdb520a20dbc016d921d444fd2ef2212136be9385d6dca448a2a38d0577f", [:mix], [], "hexpm", "cb533c378569053acd021fff5970691e267830818ad70c483331da96197aa784"},
  "plug": {:hex, :plug, "1.10.1", "c56a6d9da7042d581159bcbaef873ba9d87f15dce85420b0d287bca19f40f9bd", [:mix], [{:mime, "~> 1.0", [hex: :mime, repo: "hexpm", optional: false]}, {:plug_crypto, "~> 1.1.1 or ~> 1.2", [hex: :plug_crypto, repo: "hexpm", optional: false]}, {:telemetry, "~> 0.4", [hex: :telemetry, repo: "hexpm", optional: true]}], "hexpm", "b5cd52259817eb8a31f2454912ba1cff4990bca7811918878091cb2ab9e52cb8"},
  "plug_cowboy": {:hex, :plug_cowboy, "2.2.1", "fcf58aa33227a4322a050e4783ee99c63c031a2e7f9a2eb7340d55505e17f30f", [:mix], [{:cowboy, "~> 2.7", [hex: :cowboy, repo: "hexpm", optional: false]}, {:plug, "~> 1.7", [hex: :plug, repo: "hexpm", optional: false]}, {:telemetry, "~> 0.4", [hex: :telemetry, repo: "hexpm", optional: false]}], "hexpm", "3b43de24460d87c0971887286e7a20d40462e48eb7235954681a20cee25ddeb6"},
  "plug_crypto": {:hex, :plug_crypto, "1.1.2", "bdd187572cc26dbd95b87136290425f2b580a116d3fb1f564216918c9730d227", [:mix], [], "hexpm", "6b8b608f895b6ffcfad49c37c7883e8df98ae19c6a28113b02aa1e9c5b22d6b5"},
  "quark": {:hex, :quark, "2.3.0", "3742ddc14441b4930c7067741879cb5b3e4881f391ea0aed7b138f20d16b30bb", [:mix], [], "hexpm", "6314742f5810b791b776d0682decd042d4407889e8f4e53ebfe12d1bbfbe018d"},
  "ranch": {:hex, :ranch, "1.7.1", "6b1fab51b49196860b733a49c07604465a47bdb78aa10c1c16a3d199f7f8c881", [:rebar3], [], "hexpm", "451d8527787df716d99dc36162fca05934915db0b6141bbdac2ea8d3c7afc7d7"},
  "telemetry": {:hex, :telemetry, "0.4.1", "ae2718484892448a24470e6aa341bc847c3277bfb8d4e9289f7474d752c09c7f", [:rebar3], [], "hexpm", "4738382e36a0a9a2b6e25d67c960e40e1a2c95560b9f936d8e29de8cd858480f"},
  "type_class": {:hex, :type_class, "1.2.5", "b972bb22202e801d83e8670228d9a1476cd2c9fc7da00b7039b19d6d06b17905", [:mix], [{:exceptional, "~> 2.1", [hex: :exceptional, repo: "hexpm", optional: false]}], "hexpm", "554cf5c49e92d3a371b85239ad842b2e69d034fed65921f4f99d7d910b6c50fe"},
  "witchcraft": {:hex, :witchcraft, "1.0.1", "5db4f9f92be480958a51bee01d3fd283a707576e5e0a0810d4442eac1f47e395", [:mix], [{:exceptional, "~> 2.1", [hex: :exceptional, repo: "hexpm", optional: false]}, {:operator, "~> 0.2", [hex: :operator, repo: "hexpm", optional: false]}, {:quark, "~> 2.2", [hex: :quark, repo: "hexpm", optional: false]}, {:type_class, "~> 1.2", [hex: :type_class, repo: "hexpm", optional: false]}], "hexpm", "24885da16abd8ef4803fbace1d0dbddcab50029098e01dc8cb4d19fdf56a4fda"},
}
